<?xml version="1.0" encoding="utf-8"?>
<Project ToolsVersion="4.0" xmlns="http://schemas.microsoft.com/developer/msbuild/2003">
  <ItemGroup>
    <Filter Include="cxx11">
      <UniqueIdentifier>{ea1c1260-f820-40bb-9e42-91f119f3209f}</UniqueIdentifier>
    </Filter>
    <Filter Include="cxx14">
      <UniqueIdentifier>{c26c401f-9cd6-4995-a928-42bde19f3d3f}</UniqueIdentifier>
    </Filter>
    <Filter Include="cxx17">
      <UniqueIdentifier>{86905683-a3bf-460d-86fb-7adc677da28b}</UniqueIdentifier>
    </Filter>
    <Filter Include="cxx20">
      <UniqueIdentifier>{540ecc70-589a-4a3a-9306-c0291780d471}</UniqueIdentifier>
    </Filter>
    <Filter Include="common">
      <UniqueIdentifier>{98ce6382-8f4b-4666-aa38-7eec0a08ee3b}</UniqueIdentifier>
    </Filter>
    <Filter Include="cxx17\language">
      <UniqueIdentifier>{e46ee479-de66-415b-a7e8-23a6aee9d96a}</UniqueIdentifier>
    </Filter>
    <Filter Include="cxx17\library">
      <UniqueIdentifier>{8c3858fc-952d-4483-b13e-6fc98c49cf30}</UniqueIdentifier>
    </Filter>
    <Filter Include="cxx17\library\utility_types">
      <UniqueIdentifier>{d12dee93-44d3-4a6d-b7b2-e0eb43c19a82}</UniqueIdentifier>
    </Filter>
    <Filter Include="cxx20\language">
      <UniqueIdentifier>{4c9295ad-4429-4edc-a010-ca9362dafc4a}</UniqueIdentifier>
    </Filter>
  </ItemGroup>
  <ItemGroup>
    <ClCompile Include="main.cpp" />
    <ClCompile Include="cxx17\fold_expression_test.cpp">
      <Filter>cxx17\language</Filter>
    </ClCompile>
    <ClCompile Include="cxx17\fold_expression.cpp">
      <Filter>cxx17\language</Filter>
    </ClCompile>
    <ClCompile Include="cxx17\tuple.cpp">
      <Filter>cxx17\library\utility_types</Filter>
    </ClCompile>
    <ClCompile Include="cxx17\tuple_test.cpp">
      <Filter>cxx17\library\utility_types</Filter>
    </ClCompile>
    <ClCompile Include="cxx17\variant.cpp">
      <Filter>cxx17\library\utility_types</Filter>
    </ClCompile>
    <ClCompile Include="cxx17\variant_test.cpp">
      <Filter>cxx17\library\utility_types</Filter>
    </ClCompile>
    <ClCompile Include="cxx17\any.cpp">
      <Filter>cxx17\library\utility_types</Filter>
    </ClCompile>
    <ClCompile Include="cxx17\any_test.cpp">
      <Filter>cxx17\library\utility_types</Filter>
    </ClCompile>
    <ClCompile Include="cxx17\optional_test.cpp">
      <Filter>cxx17\library\utility_types</Filter>
    </ClCompile>
    <ClCompile Include="cxx17\optional.cpp">
      <Filter>cxx17\library\utility_types</Filter>
    </ClCompile>
    <ClCompile Include="cxx20\constexpr_test.cpp">
      <Filter>cxx20\language</Filter>
    </ClCompile>
  </ItemGroup>
  <ItemGroup>
    <ClInclude Include="cxx11\trailing_return_type.h">
      <Filter>cxx11</Filter>
    </ClInclude>
    <ClInclude Include="common\define.h">
      <Filter>common</Filter>
    </ClInclude>
    <ClInclude Include="cxx17\fold_expression.h">
      <Filter>cxx17\language</Filter>
    </ClInclude>
    <ClInclude Include="cxx17\tuple.h">
      <Filter>cxx17\library\utility_types</Filter>
    </ClInclude>
    <ClInclude Include="cxx17\variant.h">
      <Filter>cxx17\library\utility_types</Filter>
    </ClInclude>
    <ClInclude Include="cxx17\any.h">
      <Filter>cxx17\library\utility_types</Filter>
    </ClInclude>
    <ClInclude Include="cxx17\optional.h">
      <Filter>cxx17\library\utility_types</Filter>
    </ClInclude>
    <ClInclude Include="cxx20\operator.h">
      <Filter>cxx20\language</Filter>
    </ClInclude>
    <ClInclude Include="cxx20\constexpr.h">
      <Filter>cxx20\language</Filter>
    </ClInclude>
  </ItemGroup>
</Project>